
Microsoft Visual Studio Solution File, Format Version 12.00
# Visual Studio Version 17
VisualStudioVersion = 17.14.36518.9 d17.14
MinimumVisualStudioVersion = 10.0.40219.1
Project("{FAE04EC0-301F-11D3-BF4B-00C04F79EFBC}") = "KeyLogger", "KeyLogger\KeyLogger.csproj", "{22171802-4964-40C2-B669-CCED10D8CE2B}"
EndProject
Global
	GlobalSection(SolutionConfigurationPlatforms) = preSolution
		Debug|Any CPU = Debug|Any CPU
		Release|Any CPU = Release|Any CPU
	EndGlobalSection
	GlobalSection(ProjectConfigurationPlatforms) = postSolution
		{22171802-4964-40C2-B669-CCED10D8CE2B}.Debug|Any CPU.ActiveCfg = Debug|Any CPU
		{22171802-4964-40C2-B669-CCED10D8CE2B}.Debug|Any CPU.Build.0 = Debug|Any CPU
		{22171802-4964-40C2-B669-CCED10D8CE2B}.Release|Any CPU.ActiveCfg = Release|Any CPU
		{22171802-4964-40C2-B669-CCED10D8CE2B}.Release|Any CPU.Build.0 = Release|Any CPU
	EndGlobalSection
	GlobalSection(SolutionProperties) = preSolution
		HideSolutionNode = FALSE
	EndGlobalSection
	GlobalSection(ExtensibilityGlobals) = postSolution
		SolutionGuid = {237DB799-2533-423E-8334-93E248A70CF9}
	EndGlobalSection
EndGlobal
